// !$*UTF8*$!
{
	archiveVersion = 1;
	classes = {
	};
	objectVersion = 56;
	objects = {

/* Begin PBXBuildFile section */
		1D21DF492911812E001D28AA /* HudView.swift in Sources */ = {isa = PBXBuildFile; fileRef = 1D21DF482911812E001D28AA /* HudView.swift */; };
		1D21DF4B29119773001D28AA /* Functions.swift in Sources */ = {isa = PBXBuildFile; fileRef = 1D21DF4A29119773001D28AA /* Functions.swift */; };
		1D21DF4E2911A7D5001D28AA /* Location+CoreDataClass.swift in Sources */ = {isa = PBXBuildFile; fileRef = 1D21DF4C2911A7D5001D28AA /* Location+CoreDataClass.swift */; };
		1D21DF4F2911A7D5001D28AA /* Location+CoreDataProperties.swift in Sources */ = {isa = PBXBuildFile; fileRef = 1D21DF4D2911A7D5001D28AA /* Location+CoreDataProperties.swift */; };
		1D63BBB72916FE360054A635 /* UIImage+Resize.swift in Sources */ = {isa = PBXBuildFile; fileRef = 1D63BBB62916FE360054A635 /* UIImage+Resize.swift */; };
		1D6DB7D229106CFA0005ABE5 /* CategoryPickerViewController.swift in Sources */ = {isa = PBXBuildFile; fileRef = 1D6DB7D129106CFA0005ABE5 /* CategoryPickerViewController.swift */; };
		1D7FA9F32912FA4600C09495 /* LocationsViewController.swift in Sources */ = {isa = PBXBuildFile; fileRef = 1D7FA9F22912FA4600C09495 /* LocationsViewController.swift */; };
		1D7FA9F52913132C00C09495 /* LocationCell.swift in Sources */ = {isa = PBXBuildFile; fileRef = 1D7FA9F42913132C00C09495 /* LocationCell.swift */; };
		1D7FA9F72914494D00C09495 /* MapViewController.swift in Sources */ = {isa = PBXBuildFile; fileRef = 1D7FA9F62914494D00C09495 /* MapViewController.swift */; };
		1DD17CA3290C430D006504EF /* AppDelegate.swift in Sources */ = {isa = PBXBuildFile; fileRef = 1DD17CA2290C430D006504EF /* AppDelegate.swift */; };
		1DD17CA5290C430D006504EF /* SceneDelegate.swift in Sources */ = {isa = PBXBuildFile; fileRef = 1DD17CA4290C430D006504EF /* SceneDelegate.swift */; };
		1DD17CA7290C430D006504EF /* CurrentLocationViewController.swift in Sources */ = {isa = PBXBuildFile; fileRef = 1DD17CA6290C430D006504EF /* CurrentLocationViewController.swift */; };
		1DD17CAA290C430D006504EF /* Main.storyboard in Resources */ = {isa = PBXBuildFile; fileRef = 1DD17CA8290C430D006504EF /* Main.storyboard */; };
		1DD17CAD290C430D006504EF /* MyLocation.xcdatamodeld in Sources */ = {isa = PBXBuildFile; fileRef = 1DD17CAB290C430D006504EF /* MyLocation.xcdatamodeld */; };
		1DD17CAF290C430E006504EF /* Assets.xcassets in Resources */ = {isa = PBXBuildFile; fileRef = 1DD17CAE290C430E006504EF /* Assets.xcassets */; };
		1DD17CB2290C430E006504EF /* LaunchScreen.storyboard in Resources */ = {isa = PBXBuildFile; fileRef = 1DD17CB0290C430E006504EF /* LaunchScreen.storyboard */; };
		1DD17CE329103D2C006504EF /* LocationDetailsViewController.swift in Sources */ = {isa = PBXBuildFile; fileRef = 1DD17CE229103D2C006504EF /* LocationDetailsViewController.swift */; };
/* End PBXBuildFile section */

/* Begin PBXFileReference section */
		1D21DF482911812E001D28AA /* HudView.swift */ = {isa = PBXFileReference; lastKnownFileType = sourcecode.swift; path = HudView.swift; sourceTree = "<group>"; };
		1D21DF4A29119773001D28AA /* Functions.swift */ = {isa = PBXFileReference; lastKnownFileType = sourcecode.swift; path = Functions.swift; sourceTree = "<group>"; };
		1D21DF4C2911A7D5001D28AA /* Location+CoreDataClass.swift */ = {isa = PBXFileReference; lastKnownFileType = sourcecode.swift; path = "Location+CoreDataClass.swift"; sourceTree = "<group>"; };
		1D21DF4D2911A7D5001D28AA /* Location+CoreDataProperties.swift */ = {isa = PBXFileReference; lastKnownFileType = sourcecode.swift; path = "Location+CoreDataProperties.swift"; sourceTree = "<group>"; };
		1D63BBB62916FE360054A635 /* UIImage+Resize.swift */ = {isa = PBXFileReference; lastKnownFileType = sourcecode.swift; path = "UIImage+Resize.swift"; sourceTree = "<group>"; };
		1D6DB7D129106CFA0005ABE5 /* CategoryPickerViewController.swift */ = {isa = PBXFileReference; lastKnownFileType = sourcecode.swift; path = CategoryPickerViewController.swift; sourceTree = "<group>"; };
		1D7FA9F22912FA4600C09495 /* LocationsViewController.swift */ = {isa = PBXFileReference; lastKnownFileType = sourcecode.swift; path = LocationsViewController.swift; sourceTree = "<group>"; };
		1D7FA9F42913132C00C09495 /* LocationCell.swift */ = {isa = PBXFileReference; lastKnownFileType = sourcecode.swift; path = LocationCell.swift; sourceTree = "<group>"; };
		1D7FA9F62914494D00C09495 /* MapViewController.swift */ = {isa = PBXFileReference; lastKnownFileType = sourcecode.swift; path = MapViewController.swift; sourceTree = "<group>"; };
		1DD17C9F290C430D006504EF /* MyLocation.app */ = {isa = PBXFileReference; explicitFileType = wrapper.application; includeInIndex = 0; path = MyLocation.app; sourceTree = BUILT_PRODUCTS_DIR; };
		1DD17CA2290C430D006504EF /* AppDelegate.swift */ = {isa = PBXFileReference; lastKnownFileType = sourcecode.swift; path = AppDelegate.swift; sourceTree = "<group>"; };
		1DD17CA4290C430D006504EF /* SceneDelegate.swift */ = {isa = PBXFileReference; lastKnownFileType = sourcecode.swift; path = SceneDelegate.swift; sourceTree = "<group>"; };
		1DD17CA6290C430D006504EF /* CurrentLocationViewController.swift */ = {isa = PBXFileReference; lastKnownFileType = sourcecode.swift; path = CurrentLocationViewController.swift; sourceTree = "<group>"; };
		1DD17CA9290C430D006504EF /* Base */ = {isa = PBXFileReference; lastKnownFileType = file.storyboard; name = Base; path = Base.lproj/Main.storyboard; sourceTree = "<group>"; };
		1DD17CAC290C430D006504EF /* MyLocation.xcdatamodel */ = {isa = PBXFileReference; lastKnownFileType = wrapper.xcdatamodel; path = MyLocation.xcdatamodel; sourceTree = "<group>"; };
		1DD17CAE290C430E006504EF /* Assets.xcassets */ = {isa = PBXFileReference; lastKnownFileType = folder.assetcatalog; path = Assets.xcassets; sourceTree = "<group>"; };
		1DD17CB1290C430E006504EF /* Base */ = {isa = PBXFileReference; lastKnownFileType = file.storyboard; name = Base; path = Base.lproj/LaunchScreen.storyboard; sourceTree = "<group>"; };
		1DD17CB3290C430E006504EF /* Info.plist */ = {isa = PBXFileReference; lastKnownFileType = text.plist.xml; path = Info.plist; sourceTree = "<group>"; };
		1DD17CE229103D2C006504EF /* LocationDetailsViewController.swift */ = {isa = PBXFileReference; lastKnownFileType = sourcecode.swift; path = LocationDetailsViewController.swift; sourceTree = "<group>"; };
/* End PBXFileReference section */

/* Begin PBXFrameworksBuildPhase section */
		1DD17C9C290C430D006504EF /* Frameworks */ = {
			isa = PBXFrameworksBuildPhase;
			buildActionMask = 2147483647;
			files = (
			);
			runOnlyForDeploymentPostprocessing = 0;
		};
/* End PBXFrameworksBuildPhase section */

/* Begin PBXGroup section */
		1DD17C96290C430D006504EF = {
			isa = PBXGroup;
			children = (
				1D21DF4C2911A7D5001D28AA /* Location+CoreDataClass.swift */,
				1D21DF4D2911A7D5001D28AA /* Location+CoreDataProperties.swift */,
				1DD17CA1290C430D006504EF /* MyLocation */,
				1DD17CA0290C430D006504EF /* Products */,
			);
			sourceTree = "<group>";
		};
		1DD17CA0290C430D006504EF /* Products */ = {
			isa = PBXGroup;
			children = (
				1DD17C9F290C430D006504EF /* MyLocation.app */,
			);
			name = Products;
			sourceTree = "<group>";
		};
		1DD17CA1290C430D006504EF /* MyLocation */ = {
			isa = PBXGroup;
			children = (
				1DD17CA2290C430D006504EF /* AppDelegate.swift */,
				1DD17CA4290C430D006504EF /* SceneDelegate.swift */,
				1DD17CA6290C430D006504EF /* CurrentLocationViewController.swift */,
				1DD17CE229103D2C006504EF /* LocationDetailsViewController.swift */,
				1D6DB7D129106CFA0005ABE5 /* CategoryPickerViewController.swift */,
				1D7FA9F22912FA4600C09495 /* LocationsViewController.swift */,
				1D7FA9F62914494D00C09495 /* MapViewController.swift */,
				1D7FA9F42913132C00C09495 /* LocationCell.swift */,
				1D21DF482911812E001D28AA /* HudView.swift */,
				1D21DF4A29119773001D28AA /* Functions.swift */,
				1D63BBB62916FE360054A635 /* UIImage+Resize.swift */,
				1DD17CA8290C430D006504EF /* Main.storyboard */,
				1DD17CAE290C430E006504EF /* Assets.xcassets */,
				1DD17CB0290C430E006504EF /* LaunchScreen.storyboard */,
				1DD17CB3290C430E006504EF /* Info.plist */,
				1DD17CAB290C430D006504EF /* MyLocation.xcdatamodeld */,
			);
			path = MyLocation;
			sourceTree = "<group>";
		};
/* End PBXGroup section */

/* Begin PBXNativeTarget section */
		1DD17C9E290C430D006504EF /* MyLocation */ = {
			isa = PBXNativeTarget;
			buildConfigurationList = 1DD17CB6290C430E006504EF /* Build configuration list for PBXNativeTarget "MyLocation" */;
			buildPhases = (
				1DD17C9B290C430D006504EF /* Sources */,
				1DD17C9C290C430D006504EF /* Frameworks */,
				1DD17C9D290C430D006504EF /* Resources */,
			);
			buildRules = (
			);
			dependencies = (
			);
			name = MyLocation;
			productName = MyLocation;
			productReference = 1DD17C9F290C430D006504EF /* MyLocation.app */;
			productType = "com.apple.product-type.application";
		};
/* End PBXNativeTarget section */

/* Begin PBXProject section */
		1DD17C97290C430D006504EF /* Project object */ = {
			isa = PBXProject;
			attributes = {
				BuildIndependentTargetsInParallel = 1;
				LastSwiftUpdateCheck = 1400;
				LastUpgradeCheck = 1400;
				TargetAttributes = {
					1DD17C9E290C430D006504EF = {
						CreatedOnToolsVersion = 14.0.1;
					};
				};
			};
			buildConfigurationList = 1DD17C9A290C430D006504EF /* Build configuration list for PBXProject "MyLocation" */;
			compatibilityVersion = "Xcode 14.0";
			developmentRegion = en;
			hasScannedForEncodings = 0;
			knownRegions = (
				en,
				Base,
			);
			mainGroup = 1DD17C96290C430D006504EF;
			productRefGroup = 1DD17CA0290C430D006504EF /* Products */;
			projectDirPath = "";
			projectRoot = "";
			targets = (
				1DD17C9E290C430D006504EF /* MyLocation */,
			);
		};
/* End PBXProject section */

/* Begin PBXResourcesBuildPhase section */
		1DD17C9D290C430D006504EF /* Resources */ = {
			isa = PBXResourcesBuildPhase;
			buildActionMask = 2147483647;
			files = (
				1DD17CB2290C430E006504EF /* LaunchScreen.storyboard in Resources */,
				1DD17CAF290C430E006504EF /* Assets.xcassets in Resources */,
				1DD17CAA290C430D006504EF /* Main.storyboard in Resources */,
			);
			runOnlyForDeploymentPostprocessing = 0;
		};
/* End PBXResourcesBuildPhase section */

/* Begin PBXSourcesBuildPhase section */
		1DD17C9B290C430D006504EF /* Sources */ = {
			isa = PBXSourcesBuildPhase;
			buildActionMask = 2147483647;
			files = (
				1D6DB7D229106CFA0005ABE5 /* CategoryPickerViewController.swift in Sources */,
				1DD17CA7290C430D006504EF /* CurrentLocationViewController.swift in Sources */,
				1DD17CA3290C430D006504EF /* AppDelegate.swift in Sources */,
				1D21DF4B29119773001D28AA /* Functions.swift in Sources */,
				1D7FA9F32912FA4600C09495 /* LocationsViewController.swift in Sources */,
				1D21DF4F2911A7D5001D28AA /* Location+CoreDataProperties.swift in Sources */,
				1D7FA9F72914494D00C09495 /* MapViewController.swift in Sources */,
				1D63BBB72916FE360054A635 /* UIImage+Resize.swift in Sources */,
				1D7FA9F52913132C00C09495 /* LocationCell.swift in Sources */,
				1DD17CAD290C430D006504EF /* MyLocation.xcdatamodeld in Sources */,
				1DD17CA5290C430D006504EF /* SceneDelegate.swift in Sources */,
				1D21DF4E2911A7D5001D28AA /* Location+CoreDataClass.swift in Sources */,
				1D21DF492911812E001D28AA /* HudView.swift in Sources */,
				1DD17CE329103D2C006504EF /* LocationDetailsViewController.swift in Sources */,
			);
			runOnlyForDeploymentPostprocessing = 0;
		};
/* End PBXSourcesBuildPhase section */

/* Begin PBXVariantGroup section */
		1DD17CA8290C430D006504EF /* Main.storyboard */ = {
			isa = PBXVariantGroup;
			children = (
				1DD17CA9290C430D006504EF /* Base */,
			);
			name = Main.storyboard;
			sourceTree = "<group>";
		};
		1DD17CB0290C430E006504EF /* LaunchScreen.storyboard */ = {
			isa = PBXVariantGroup;
			children = (
				1DD17CB1290C430E006504EF /* Base */,
			);
			name = LaunchScreen.storyboard;
			sourceTree = "<group>";
		};
/* End PBXVariantGroup section */

/* Begin XCBuildConfiguration section */
		1DD17CB4290C430E006504EF /* Debug */ = {
			isa = XCBuildConfiguration;
			buildSettings = {
				ALWAYS_SEARCH_USER_PATHS = NO;
				CLANG_ANALYZER_NONNULL = YES;
				CLANG_ANALYZER_NUMBER_OBJECT_CONVERSION = YES_AGGRESSIVE;
				CLANG_CXX_LANGUAGE_STANDARD = "gnu++20";
				CLANG_ENABLE_MODULES = YES;
				CLANG_ENABLE_OBJC_ARC = YES;
				CLANG_ENABLE_OBJC_WEAK = YES;
				CLANG_WARN_BLOCK_CAPTURE_AUTORELEASING = YES;
				CLANG_WARN_BOOL_CONVERSION = YES;
				CLANG_WARN_COMMA = YES;
				CLANG_WARN_CONSTANT_CONVERSION = YES;
				CLANG_WARN_DEPRECATED_OBJC_IMPLEMENTATIONS = YES;
				CLANG_WARN_DIRECT_OBJC_ISA_USAGE = YES_ERROR;
				CLANG_WARN_DOCUMENTATION_COMMENTS = YES;
				CLANG_WARN_EMPTY_BODY = YES;
				CLANG_WARN_ENUM_CONVERSION = YES;
				CLANG_WARN_INFINITE_RECURSION = YES;
				CLANG_WARN_INT_CONVERSION = YES;
				CLANG_WARN_NON_LITERAL_NULL_CONVERSION = YES;
				CLANG_WARN_OBJC_IMPLICIT_RETAIN_SELF = YES;
				CLANG_WARN_OBJC_LITERAL_CONVERSION = YES;
				CLANG_WARN_OBJC_ROOT_CLASS = YES_ERROR;
				CLANG_WARN_QUOTED_INCLUDE_IN_FRAMEWORK_HEADER = YES;
				CLANG_WARN_RANGE_LOOP_ANALYSIS = YES;
				CLANG_WARN_STRICT_PROTOTYPES = YES;
				CLANG_WARN_SUSPICIOUS_MOVE = YES;
				CLANG_WARN_UNGUARDED_AVAILABILITY = YES_AGGRESSIVE;
				CLANG_WARN_UNREACHABLE_CODE = YES;
				CLANG_WARN__DUPLICATE_METHOD_MATCH = YES;
				COPY_PHASE_STRIP = NO;
				DEBUG_INFORMATION_FORMAT = dwarf;
				ENABLE_STRICT_OBJC_MSGSEND = YES;
				ENABLE_TESTABILITY = YES;
				GCC_C_LANGUAGE_STANDARD = gnu11;
				GCC_DYNAMIC_NO_PIC = NO;
				GCC_NO_COMMON_BLOCKS = YES;
				GCC_OPTIMIZATION_LEVEL = 0;
				GCC_PREPROCESSOR_DEFINITIONS = (
					"DEBUG=1",
					"$(inherited)",
				);
				GCC_WARN_64_TO_32_BIT_CONVERSION = YES;
				GCC_WARN_ABOUT_RETURN_TYPE = YES_ERROR;
				GCC_WARN_UNDECLARED_SELECTOR = YES;
				GCC_WARN_UNINITIALIZED_AUTOS = YES_AGGRESSIVE;
				GCC_WARN_UNUSED_FUNCTION = YES;
				GCC_WARN_UNUSED_VARIABLE = YES;
				IPHONEOS_DEPLOYMENT_TARGET = 16.0;
				MTL_ENABLE_DEBUG_INFO = INCLUDE_SOURCE;
				MTL_FAST_MATH = YES;
				ONLY_ACTIVE_ARCH = YES;
				SDKROOT = iphoneos;
				SWIFT_ACTIVE_COMPILATION_CONDITIONS = DEBUG;
				SWIFT_OPTIMIZATION_LEVEL = "-Onone";
			};
			name = Debug;
		};
		1DD17CB5290C430E006504EF /* Release */ = {
			isa = XCBuildConfiguration;
			buildSettings = {
				ALWAYS_SEARCH_USER_PATHS = NO;
				CLANG_ANALYZER_NONNULL = YES;
				CLANG_ANALYZER_NUMBER_OBJECT_CONVERSION = YES_AGGRESSIVE;
				CLANG_CXX_LANGUAGE_STANDARD = "gnu++20";
				CLANG_ENABLE_MODULES = YES;
				CLANG_ENABLE_OBJC_ARC = YES;
				CLANG_ENABLE_OBJC_WEAK = YES;
				CLANG_WARN_BLOCK_CAPTURE_AUTORELEASING = YES;
				CLANG_WARN_BOOL_CONVERSION = YES;
				CLANG_WARN_COMMA = YES;
				CLANG_WARN_CONSTANT_CONVERSION = YES;
				CLANG_WARN_DEPRECATED_OBJC_IMPLEMENTATIONS = YES;
				CLANG_WARN_DIRECT_OBJC_ISA_USAGE = YES_ERROR;
				CLANG_WARN_DOCUMENTATION_COMMENTS = YES;
				CLANG_WARN_EMPTY_BODY = YES;
				CLANG_WARN_ENUM_CONVERSION = YES;
				CLANG_WARN_INFINITE_RECURSION = YES;
				CLANG_WARN_INT_CONVERSION = YES;
				CLANG_WARN_NON_LITERAL_NULL_CONVERSION = YES;
				CLANG_WARN_OBJC_IMPLICIT_RETAIN_SELF = YES;
				CLANG_WARN_OBJC_LITERAL_CONVERSION = YES;
				CLANG_WARN_OBJC_ROOT_CLASS = YES_ERROR;
				CLANG_WARN_QUOTED_INCLUDE_IN_FRAMEWORK_HEADER = YES;
				CLANG_WARN_RANGE_LOOP_ANALYSIS = YES;
				CLANG_WARN_STRICT_PROTOTYPES = YES;
				CLANG_WARN_SUSPICIOUS_MOVE = YES;
				CLANG_WARN_UNGUARDED_AVAILABILITY = YES_AGGRESSIVE;
				CLANG_WARN_UNREACHABLE_CODE = YES;
				CLANG_WARN__DUPLICATE_METHOD_MATCH = YES;
				COPY_PHASE_STRIP = NO;
				DEBUG_INFORMATION_FORMAT = "dwarf-with-dsym";
				ENABLE_NS_ASSERTIONS = NO;
				ENABLE_STRICT_OBJC_MSGSEND = YES;
				GCC_C_LANGUAGE_STANDARD = gnu11;
				GCC_NO_COMMON_BLOCKS = YES;
				GCC_WARN_64_TO_32_BIT_CONVERSION = YES;
				GCC_WARN_ABOUT_RETURN_TYPE = YES_ERROR;
				GCC_WARN_UNDECLARED_SELECTOR = YES;
				GCC_WARN_UNINITIALIZED_AUTOS = YES_AGGRESSIVE;
				GCC_WARN_UNUSED_FUNCTION = YES;
				GCC_WARN_UNUSED_VARIABLE = YES;
				IPHONEOS_DEPLOYMENT_TARGET = 16.0;
				MTL_ENABLE_DEBUG_INFO = NO;
				MTL_FAST_MATH = YES;
				SDKROOT = iphoneos;
				SWIFT_COMPILATION_MODE = wholemodule;
				SWIFT_OPTIMIZATION_LEVEL = "-O";
				VALIDATE_PRODUCT = YES;
			};
			name = Release;
		};
		1DD17CB7290C430E006504EF /* Debug */ = {
			isa = XCBuildConfiguration;
			buildSettings = {
				ASSETCATALOG_COMPILER_APPICON_NAME = AppIcon;
				ASSETCATALOG_COMPILER_GLOBAL_ACCENT_COLOR_NAME = AccentColor;
				CODE_SIGN_STYLE = Automatic;
				CURRENT_PROJECT_VERSION = 1;
				DEVELOPMENT_TEAM = CHL34W9FC3;
				GENERATE_INFOPLIST_FILE = YES;
				INFOPLIST_FILE = MyLocation/Info.plist;
				INFOPLIST_KEY_NSCameraUsageDescription = "Add photos to your locations";
				INFOPLIST_KEY_NSLocationWhenInUseUsageDescription = "This app lets you keep track of interesting places. It needs access to the GPS coordinates for your location.";
				INFOPLIST_KEY_NSPhotoLibraryUsageDescription = "Add photos to your locations";
				INFOPLIST_KEY_UIApplicationSupportsIndirectInputEvents = YES;
				INFOPLIST_KEY_UILaunchStoryboardName = LaunchScreen;
				INFOPLIST_KEY_UIRequiredDeviceCapabilities = "location-services gps";
				INFOPLIST_KEY_UISupportedInterfaceOrientations = UIInterfaceOrientationPortrait;
				INFOPLIST_KEY_UISupportedInterfaceOrientations_iPad = "UIInterfaceOrientationLandscapeLeft UIInterfaceOrientationLandscapeRight UIInterfaceOrientationPortrait UIInterfaceOrientationPortraitUpsideDown";
				LD_RUNPATH_SEARCH_PATHS = (
					"$(inherited)",
					"@executable_path/Frameworks",
				);
				MARKETING_VERSION = 1.0;
				PRODUCT_BUNDLE_IDENTIFIER = hello.MyLocation;
				PRODUCT_NAME = "$(TARGET_NAME)";
				SWIFT_EMIT_LOC_STRINGS = YES;
				SWIFT_VERSION = 5.0;
				TARGETED_DEVICE_FAMILY = "1,2";
			};
			name = Debug;
		};
		1DD17CB8290C430E006504EF /* Release */ = {
			isa = XCBuildConfiguration;
			buildSettings = {
				ASSETCATALOG_COMPILER_APPICON_NAME = AppIcon;
				ASSETCATALOG_COMPILER_GLOBAL_ACCENT_COLOR_NAME = AccentColor;
				CODE_SIGN_STYLE = Automatic;
				CURRENT_PROJECT_VERSION = 1;
				DEVELOPMENT_TEAM = CHL34W9FC3;
				GENERATE_INFOPLIST_FILE = YES;
				INFOPLIST_FILE = MyLocation/Info.plist;
				INFOPLIST_KEY_NSCameraUsageDescription = "Add photos to your locations";
				INFOPLIST_KEY_NSLocationWhenInUseUsageDescription = "This app lets you keep track of interesting places. It needs access to the GPS coordinates for your location.";
				INFOPLIST_KEY_NSPhotoLibraryUsageDescription = "Add photos to your locations";
				INFOPLIST_KEY_UIApplicationSupportsIndirectInputEvents = YES;
				INFOPLIST_KEY_UILaunchStoryboardName = LaunchScreen;
				INFOPLIST_KEY_UIRequiredDeviceCapabilities = "location-services gps";
				INFOPLIST_KEY_UISupportedInterfaceOrientations = UIInterfaceOrientationPortrait;
				INFOPLIST_KEY_UISupportedInterfaceOrientations_iPad = "UIInterfaceOrientationLandscapeLeft UIInterfaceOrientationLandscapeRight UIInterfaceOrientationPortrait UIInterfaceOrientationPortraitUpsideDown";
				LD_RUNPATH_SEARCH_PATHS = (
					"$(inherited)",
					"@executable_path/Frameworks",
				);
				MARKETING_VERSION = 1.0;
				PRODUCT_BUNDLE_IDENTIFIER = hello.MyLocation;
				PRODUCT_NAME = "$(TARGET_NAME)";
				SWIFT_EMIT_LOC_STRINGS = YES;
				SWIFT_VERSION = 5.0;
				TARGETED_DEVICE_FAMILY = "1,2";
			};
			name = Release;
		};
/* End XCBuildConfiguration section */

/* Begin XCConfigurationList section */
		1DD17C9A290C430D006504EF /* Build configuration list for PBXProject "MyLocation" */ = {
			isa = XCConfigurationList;
			buildConfigurations = (
				1DD17CB4290C430E006504EF /* Debug */,
				1DD17CB5290C430E006504EF /* Release */,
			);
			defaultConfigurationIsVisible = 0;
			defaultConfigurationName = Release;
		};
		1DD17CB6290C430E006504EF /* Build configuration list for PBXNativeTarget "MyLocation" */ = {
			isa = XCConfigurationList;
			buildConfigurations = (
				1DD17CB7290C430E006504EF /* Debug */,
				1DD17CB8290C430E006504EF /* Release */,
			);
			defaultConfigurationIsVisible = 0;
			defaultConfigurationName = Release;
		};
/* End XCConfigurationList section */

/* Begin XCVersionGroup section */
		1DD17CAB290C430D006504EF /* MyLocation.xcdatamodeld */ = {
			isa = XCVersionGroup;
			children = (
				1DD17CAC290C430D006504EF /* MyLocation.xcdatamodel */,
			);
			currentVersion = 1DD17CAC290C430D006504EF /* MyLocation.xcdatamodel */;
			path = MyLocation.xcdatamodeld;
			sourceTree = "<group>";
			versionGroupType = wrapper.xcdatamodel;
		};
/* End XCVersionGroup section */
	};
	rootObject = 1DD17C97290C430D006504EF /* Project object */;
}
